
Microsoft Visual Studio Solution File, Format Version 12.00
# Visual Studio Version 16
VisualStudioVersion = 16.0.34031.81
MinimumVisualStudioVersion = 10.0.40219.1
Project("{2150E333-8FDC-42A3-9474-1A3956D46DE8}") = "Task0", "Task0", "{DB48F39C-60DC-4AC0-9B2C-797D21846A62}"
EndProject
Project("{FAE04EC0-301F-11D3-BF4B-00C04F79EFBC}") = "Tyuiu.KorotchenkoDM.Sprint2.Task0.V7", "Tyuiu.KorotchenkoDM.Sprint2.Task0.V7\Tyuiu.KorotchenkoDM.Sprint2.Task0.V7.csproj", "{0302CD07-5548-4EB9-A2FA-B594C0F2DD99}"
EndProject
Project("{FAE04EC0-301F-11D3-BF4B-00C04F79EFBC}") = "Tyuiu.KorotchenkoDM.Sprint2.Task0.V7.Lib", "Tyuiu.KorotchenkoDM.Sprint2.Task0.V7.Lib\Tyuiu.KorotchenkoDM.Sprint2.Task0.V7.Lib.csproj", "{967F08DE-784C-48CF-A592-DA83EBF0FE04}"
EndProject
Project("{FAE04EC0-301F-11D3-BF4B-00C04F79EFBC}") = "Tyuiu.KorotchenkoDM.Sprint2.Task0.V7.Test", "Tyuiu.KorotchenkoDM.Sprint2.Task0.V7.Test\Tyuiu.KorotchenkoDM.Sprint2.Task0.V7.Test.csproj", "{6C0F5655-5C2C-414B-A9B0-6B0BBA5798B4}"
EndProject
Project("{2150E333-8FDC-42A3-9474-1A3956D46DE8}") = "Task1", "Task1", "{69B99AB3-9BF7-4187-8D07-816B43F02B3B}"
EndProject
Project("{FAE04EC0-301F-11D3-BF4B-00C04F79EFBC}") = "Tyuiu.KorotchenkoDM.Sprint2.Task1.V10", "Tyuiu.KorotchenkoDM.Sprint2.Task1.V10\Tyuiu.KorotchenkoDM.Sprint2.Task1.V10.csproj", "{542DDFFB-7F32-4D61-8DA7-FEF80ED24DAD}"
EndProject
Project("{FAE04EC0-301F-11D3-BF4B-00C04F79EFBC}") = "Tyuiu.KorotchenkoDM.Sprint2.Task1.V10.Lib", "Tyuiu.KorotchenkoDM.Sprint2.Task1.V10.Lib\Tyuiu.KorotchenkoDM.Sprint2.Task1.V10.Lib.csproj", "{9B53480B-712C-4553-BD5D-5A63DF442D10}"
EndProject
Project("{FAE04EC0-301F-11D3-BF4B-00C04F79EFBC}") = "Tyuiu.KorotchenkoDM.Sprint2.Task1.V10.Test", "Tyuiu.KorotchenkoDM.Sprint2.Task1.V10.Test\Tyuiu.KorotchenkoDM.Sprint2.Task1.V10.Test.csproj", "{F54271C5-A7E7-4502-905A-19610DD6AAA9}"
EndProject
Project("{2150E333-8FDC-42A3-9474-1A3956D46DE8}") = "Task2", "Task2", "{44B7B1EE-7CEC-477D-8687-13AA29D04D3C}"
EndProject
Project("{FAE04EC0-301F-11D3-BF4B-00C04F79EFBC}") = "Tyuiu.KorotchenkoDM.Sprint2.Task2.V12", "Tyuiu.KorotchenkoDM.Sprint2.Task2.V12\Tyuiu.KorotchenkoDM.Sprint2.Task2.V12.csproj", "{DDFF7C36-BB46-4326-AF8C-C968ABBCD89D}"
EndProject
Project("{FAE04EC0-301F-11D3-BF4B-00C04F79EFBC}") = "Tyuiu.KorotchenkoDM.Sprint2.Task2.V12.Lib", "Tyuiu.KorotchenkoDM.Sprint2.Task2.V12.Lib\Tyuiu.KorotchenkoDM.Sprint2.Task2.V12.Lib.csproj", "{4F4A1826-C77A-4E23-98F4-23A61FE5F1E7}"
EndProject
Project("{FAE04EC0-301F-11D3-BF4B-00C04F79EFBC}") = "Tyuiu.KorotchenkoDM.Sprint2.Task2.V12.Test", "Tyuiu.KorotchenkoDM.Sprint2.Task2.V12.Test\Tyuiu.KorotchenkoDM.Sprint2.Task2.V12.Test.csproj", "{C050AAF8-843F-469D-BC7B-EFC41FFD4DD4}"
EndProject
Project("{2150E333-8FDC-42A3-9474-1A3956D46DE8}") = "Task3", "Task3", "{E3C981AD-5F3A-4FC5-8849-17C26D3AB989}"
EndProject
Project("{FAE04EC0-301F-11D3-BF4B-00C04F79EFBC}") = "Tyuiu.KorotchenkoDM.Sprint2.Task3.V8", "Tyuiu.KorotchenkoDM.Sprint2.Task3.V8\Tyuiu.KorotchenkoDM.Sprint2.Task3.V8.csproj", "{3600D43C-1B84-463A-B0CA-20345D51CA2A}"
EndProject
Project("{FAE04EC0-301F-11D3-BF4B-00C04F79EFBC}") = "Tyuiu.KorotchenkoDM.Sprint2.Task3.V8.Lib", "Tyuiu.KorotchenkoDM.Sprint2.Task3.V8.Lib\Tyuiu.KorotchenkoDM.Sprint2.Task3.V8.Lib.csproj", "{0E0927A3-061A-42BC-869B-47F83ED00422}"
EndProject
Project("{FAE04EC0-301F-11D3-BF4B-00C04F79EFBC}") = "Tyuiu.KorotchenkoDM.Sprint2.Task3.V8.Test", "Tyuiu.KorotchenkoDM.Sprint2.Task3.V8.Test\Tyuiu.KorotchenkoDM.Sprint2.Task3.V8.Test.csproj", "{4D606073-20CE-4C5A-8010-254E9F0B6B1C}"
EndProject
Project("{2150E333-8FDC-42A3-9474-1A3956D46DE8}") = "Task4", "Task4", "{FE6C10EA-E50C-4207-8AE3-C0109C087B82}"
EndProject
Project("{FAE04EC0-301F-11D3-BF4B-00C04F79EFBC}") = "Tyuiu.KorotchenkoDM.Sprint2.Task4.V14", "Tyuiu.KorotchenkoDM.Sprint2.Task4.V14\Tyuiu.KorotchenkoDM.Sprint2.Task4.V14.csproj", "{AC42B2C6-C932-47E7-A7E5-BEEF8B10B22C}"
EndProject
Project("{FAE04EC0-301F-11D3-BF4B-00C04F79EFBC}") = "Tyuiu.KorotchenkoDM.Sprint2.Task4.V14.Lib", "Tyuiu.KorotchenkoDM.Sprint2.Task4.V14.Lib\Tyuiu.KorotchenkoDM.Sprint2.Task4.V14.Lib.csproj", "{BFE32861-D2B4-4723-BBE1-FFCDB97B68F2}"
EndProject
Project("{FAE04EC0-301F-11D3-BF4B-00C04F79EFBC}") = "Tyuiu.KorotchenkoDM.Sprint2.Task4.V14.Test", "Tyuiu.KorotchenkoDM.Sprint2.Task4.V14.Test\Tyuiu.KorotchenkoDM.Sprint2.Task4.V14.Test.csproj", "{1E5F480B-4389-48F7-A722-0461A780FB75}"
EndProject
Project("{2150E333-8FDC-42A3-9474-1A3956D46DE8}") = "Task5", "Task5", "{3805374D-D7C4-4FC2-8D3E-EC8E117EC5F8}"
EndProject
Project("{FAE04EC0-301F-11D3-BF4B-00C04F79EFBC}") = "Tyuiu.KorotchenkoDM.Sprint2.Task5.V4", "Tyuiu.KorotchenkoDM.Sprint2.Task5.V4\Tyuiu.KorotchenkoDM.Sprint2.Task5.V4.csproj", "{6E290BB5-50A0-4C6A-B34C-247BB40DE003}"
EndProject
Project("{FAE04EC0-301F-11D3-BF4B-00C04F79EFBC}") = "Tyuiu.KorotchenkoDM.Sprint2.Task5.V4.Lib", "Tyuiu.KorotchenkoDM.Sprint2.Task5.V4.Lib\Tyuiu.KorotchenkoDM.Sprint2.Task5.V4.Lib.csproj", "{DBC866F3-8F9E-4B5D-9BC5-B82077EEEA35}"
EndProject
Project("{FAE04EC0-301F-11D3-BF4B-00C04F79EFBC}") = "Tyuiu.KorotchenkoDM.Sprint2.Task5.V4.Test", "Tyuiu.KorotchenkoDM.Sprint2.Task5.V4.Test\Tyuiu.KorotchenkoDM.Sprint2.Task5.V4.Test.csproj", "{0136F8CA-2543-44BF-B28B-835FB5886AC1}"
EndProject
Project("{2150E333-8FDC-42A3-9474-1A3956D46DE8}") = "Task6", "Task6", "{2A6BF34D-8A91-42C9-89B6-272B41073198}"
EndProject
Project("{FAE04EC0-301F-11D3-BF4B-00C04F79EFBC}") = "Tyuiu.KorotchenkoDM.Sprint2.Task6.V2", "Tyuiu.KorotchenkoDM.Sprint2.Task6.V2\Tyuiu.KorotchenkoDM.Sprint2.Task6.V2.csproj", "{707FCF11-78A6-48E1-947C-C115F140E138}"
EndProject
Project("{FAE04EC0-301F-11D3-BF4B-00C04F79EFBC}") = "Tyuiu.KorotchenkoDM.Sprint2.Task6.V2.Lib", "Tyuiu.KorotchenkoDM.Sprint2.Task6.V2.Lib\Tyuiu.KorotchenkoDM.Sprint2.Task6.V2.Lib.csproj", "{828460D8-F4A5-46DE-9BA5-65C65E93CF4F}"
EndProject
Project("{FAE04EC0-301F-11D3-BF4B-00C04F79EFBC}") = "Tyuiu.KorotchenkoDM.Sprint2.Task6.V2.Test", "Tyuiu.KorotchenkoDM.Sprint2.Task6.V2.Test\Tyuiu.KorotchenkoDM.Sprint2.Task6.V2.Test.csproj", "{A9CE3E19-EC80-4456-8AB1-3B5E6DF93C4B}"
EndProject
Project("{2150E333-8FDC-42A3-9474-1A3956D46DE8}") = "Task7", "Task7", "{0BE00A16-566B-41E3-B7CE-FD87AB8169A6}"
EndProject
Project("{FAE04EC0-301F-11D3-BF4B-00C04F79EFBC}") = "Tyuiu.KorotchenkoDM.Sprint2.Task7.V9", "Tyuiu.KorotchenkoDM.Sprint2.Task7.V9\Tyuiu.KorotchenkoDM.Sprint2.Task7.V9.csproj", "{9E432E13-AED5-4AA8-ABA9-D00FAE976098}"
EndProject
Project("{FAE04EC0-301F-11D3-BF4B-00C04F79EFBC}") = "Tyuiu.KorotchenkoDM.Sprint2.Task7.V9.Lib", "Tyuiu.KorotchenkoDM.Sprint2.Task7.V9.Lib\Tyuiu.KorotchenkoDM.Sprint2.Task7.V9.Lib.csproj", "{43E04F2F-62E1-4507-8DAA-8DEF47851CB2}"
EndProject
Project("{FAE04EC0-301F-11D3-BF4B-00C04F79EFBC}") = "Tyuiu.KorotchenkoDM.Sprint2.Task7.V9.Test", "Tyuiu.KorotchenkoDM.Sprint2.Task7.V9.Test\Tyuiu.KorotchenkoDM.Sprint2.Task7.V9.Test.csproj", "{AAA2ACD8-5F9C-421B-8110-6C5D9DE149F5}"
EndProject
Global
	GlobalSection(SolutionConfigurationPlatforms) = preSolution
		Debug|Any CPU = Debug|Any CPU
		Release|Any CPU = Release|Any CPU
	EndGlobalSection
	GlobalSection(ProjectConfigurationPlatforms) = postSolution
		{0302CD07-5548-4EB9-A2FA-B594C0F2DD99}.Debug|Any CPU.ActiveCfg = Debug|Any CPU
		{0302CD07-5548-4EB9-A2FA-B594C0F2DD99}.Debug|Any CPU.Build.0 = Debug|Any CPU
		{0302CD07-5548-4EB9-A2FA-B594C0F2DD99}.Release|Any CPU.ActiveCfg = Release|Any CPU
		{0302CD07-5548-4EB9-A2FA-B594C0F2DD99}.Release|Any CPU.Build.0 = Release|Any CPU
		{967F08DE-784C-48CF-A592-DA83EBF0FE04}.Debug|Any CPU.ActiveCfg = Debug|Any CPU
		{967F08DE-784C-48CF-A592-DA83EBF0FE04}.Debug|Any CPU.Build.0 = Debug|Any CPU
		{967F08DE-784C-48CF-A592-DA83EBF0FE04}.Release|Any CPU.ActiveCfg = Release|Any CPU
		{967F08DE-784C-48CF-A592-DA83EBF0FE04}.Release|Any CPU.Build.0 = Release|Any CPU
		{6C0F5655-5C2C-414B-A9B0-6B0BBA5798B4}.Debug|Any CPU.ActiveCfg = Debug|Any CPU
		{6C0F5655-5C2C-414B-A9B0-6B0BBA5798B4}.Debug|Any CPU.Build.0 = Debug|Any CPU
		{6C0F5655-5C2C-414B-A9B0-6B0BBA5798B4}.Release|Any CPU.ActiveCfg = Release|Any CPU
		{6C0F5655-5C2C-414B-A9B0-6B0BBA5798B4}.Release|Any CPU.Build.0 = Release|Any CPU
		{542DDFFB-7F32-4D61-8DA7-FEF80ED24DAD}.Debug|Any CPU.ActiveCfg = Debug|Any CPU
		{542DDFFB-7F32-4D61-8DA7-FEF80ED24DAD}.Debug|Any CPU.Build.0 = Debug|Any CPU
		{542DDFFB-7F32-4D61-8DA7-FEF80ED24DAD}.Release|Any CPU.ActiveCfg = Release|Any CPU
		{542DDFFB-7F32-4D61-8DA7-FEF80ED24DAD}.Release|Any CPU.Build.0 = Release|Any CPU
		{9B53480B-712C-4553-BD5D-5A63DF442D10}.Debug|Any CPU.ActiveCfg = Debug|Any CPU
		{9B53480B-712C-4553-BD5D-5A63DF442D10}.Debug|Any CPU.Build.0 = Debug|Any CPU
		{9B53480B-712C-4553-BD5D-5A63DF442D10}.Release|Any CPU.ActiveCfg = Release|Any CPU
		{9B53480B-712C-4553-BD5D-5A63DF442D10}.Release|Any CPU.Build.0 = Release|Any CPU
		{F54271C5-A7E7-4502-905A-19610DD6AAA9}.Debug|Any CPU.ActiveCfg = Debug|Any CPU
		{F54271C5-A7E7-4502-905A-19610DD6AAA9}.Debug|Any CPU.Build.0 = Debug|Any CPU
		{F54271C5-A7E7-4502-905A-19610DD6AAA9}.Release|Any CPU.ActiveCfg = Release|Any CPU
		{F54271C5-A7E7-4502-905A-19610DD6AAA9}.Release|Any CPU.Build.0 = Release|Any CPU
		{DDFF7C36-BB46-4326-AF8C-C968ABBCD89D}.Debug|Any CPU.ActiveCfg = Debug|Any CPU
		{DDFF7C36-BB46-4326-AF8C-C968ABBCD89D}.Debug|Any CPU.Build.0 = Debug|Any CPU
		{DDFF7C36-BB46-4326-AF8C-C968ABBCD89D}.Release|Any CPU.ActiveCfg = Release|Any CPU
		{DDFF7C36-BB46-4326-AF8C-C968ABBCD89D}.Release|Any CPU.Build.0 = Release|Any CPU
		{4F4A1826-C77A-4E23-98F4-23A61FE5F1E7}.Debug|Any CPU.ActiveCfg = Debug|Any CPU
		{4F4A1826-C77A-4E23-98F4-23A61FE5F1E7}.Debug|Any CPU.Build.0 = Debug|Any CPU
		{4F4A1826-C77A-4E23-98F4-23A61FE5F1E7}.Release|Any CPU.ActiveCfg = Release|Any CPU
		{4F4A1826-C77A-4E23-98F4-23A61FE5F1E7}.Release|Any CPU.Build.0 = Release|Any CPU
		{C050AAF8-843F-469D-BC7B-EFC41FFD4DD4}.Debug|Any CPU.ActiveCfg = Debug|Any CPU
		{C050AAF8-843F-469D-BC7B-EFC41FFD4DD4}.Debug|Any CPU.Build.0 = Debug|Any CPU
		{C050AAF8-843F-469D-BC7B-EFC41FFD4DD4}.Release|Any CPU.ActiveCfg = Release|Any CPU
		{C050AAF8-843F-469D-BC7B-EFC41FFD4DD4}.Release|Any CPU.Build.0 = Release|Any CPU
		{3600D43C-1B84-463A-B0CA-20345D51CA2A}.Debug|Any CPU.ActiveCfg = Debug|Any CPU
		{3600D43C-1B84-463A-B0CA-20345D51CA2A}.Debug|Any CPU.Build.0 = Debug|Any CPU
		{3600D43C-1B84-463A-B0CA-20345D51CA2A}.Release|Any CPU.ActiveCfg = Release|Any CPU
		{3600D43C-1B84-463A-B0CA-20345D51CA2A}.Release|Any CPU.Build.0 = Release|Any CPU
		{0E0927A3-061A-42BC-869B-47F83ED00422}.Debug|Any CPU.ActiveCfg = Debug|Any CPU
		{0E0927A3-061A-42BC-869B-47F83ED00422}.Debug|Any CPU.Build.0 = Debug|Any CPU
		{0E0927A3-061A-42BC-869B-47F83ED00422}.Release|Any CPU.ActiveCfg = Release|Any CPU
		{0E0927A3-061A-42BC-869B-47F83ED00422}.Release|Any CPU.Build.0 = Release|Any CPU
		{4D606073-20CE-4C5A-8010-254E9F0B6B1C}.Debug|Any CPU.ActiveCfg = Debug|Any CPU
		{4D606073-20CE-4C5A-8010-254E9F0B6B1C}.Debug|Any CPU.Build.0 = Debug|Any CPU
		{4D606073-20CE-4C5A-8010-254E9F0B6B1C}.Release|Any CPU.ActiveCfg = Release|Any CPU
		{4D606073-20CE-4C5A-8010-254E9F0B6B1C}.Release|Any CPU.Build.0 = Release|Any CPU
		{AC42B2C6-C932-47E7-A7E5-BEEF8B10B22C}.Debug|Any CPU.ActiveCfg = Debug|Any CPU
		{AC42B2C6-C932-47E7-A7E5-BEEF8B10B22C}.Debug|Any CPU.Build.0 = Debug|Any CPU
		{AC42B2C6-C932-47E7-A7E5-BEEF8B10B22C}.Release|Any CPU.ActiveCfg = Release|Any CPU
		{AC42B2C6-C932-47E7-A7E5-BEEF8B10B22C}.Release|Any CPU.Build.0 = Release|Any CPU
		{BFE32861-D2B4-4723-BBE1-FFCDB97B68F2}.Debug|Any CPU.ActiveCfg = Debug|Any CPU
		{BFE32861-D2B4-4723-BBE1-FFCDB97B68F2}.Debug|Any CPU.Build.0 = Debug|Any CPU
		{BFE32861-D2B4-4723-BBE1-FFCDB97B68F2}.Release|Any CPU.ActiveCfg = Release|Any CPU
		{BFE32861-D2B4-4723-BBE1-FFCDB97B68F2}.Release|Any CPU.Build.0 = Release|Any CPU
		{1E5F480B-4389-48F7-A722-0461A780FB75}.Debug|Any CPU.ActiveCfg = Debug|Any CPU
		{1E5F480B-4389-48F7-A722-0461A780FB75}.Debug|Any CPU.Build.0 = Debug|Any CPU
		{1E5F480B-4389-48F7-A722-0461A780FB75}.Release|Any CPU.ActiveCfg = Release|Any CPU
		{1E5F480B-4389-48F7-A722-0461A780FB75}.Release|Any CPU.Build.0 = Release|Any CPU
		{6E290BB5-50A0-4C6A-B34C-247BB40DE003}.Debug|Any CPU.ActiveCfg = Debug|Any CPU
		{6E290BB5-50A0-4C6A-B34C-247BB40DE003}.Debug|Any CPU.Build.0 = Debug|Any CPU
		{6E290BB5-50A0-4C6A-B34C-247BB40DE003}.Release|Any CPU.ActiveCfg = Release|Any CPU
		{6E290BB5-50A0-4C6A-B34C-247BB40DE003}.Release|Any CPU.Build.0 = Release|Any CPU
		{DBC866F3-8F9E-4B5D-9BC5-B82077EEEA35}.Debug|Any CPU.ActiveCfg = Debug|Any CPU
		{DBC866F3-8F9E-4B5D-9BC5-B82077EEEA35}.Debug|Any CPU.Build.0 = Debug|Any CPU
		{DBC866F3-8F9E-4B5D-9BC5-B82077EEEA35}.Release|Any CPU.ActiveCfg = Release|Any CPU
		{DBC866F3-8F9E-4B5D-9BC5-B82077EEEA35}.Release|Any CPU.Build.0 = Release|Any CPU
		{0136F8CA-2543-44BF-B28B-835FB5886AC1}.Debug|Any CPU.ActiveCfg = Debug|Any CPU
		{0136F8CA-2543-44BF-B28B-835FB5886AC1}.Debug|Any CPU.Build.0 = Debug|Any CPU
		{0136F8CA-2543-44BF-B28B-835FB5886AC1}.Release|Any CPU.ActiveCfg = Release|Any CPU
		{0136F8CA-2543-44BF-B28B-835FB5886AC1}.Release|Any CPU.Build.0 = Release|Any CPU
		{707FCF11-78A6-48E1-947C-C115F140E138}.Debug|Any CPU.ActiveCfg = Debug|Any CPU
		{707FCF11-78A6-48E1-947C-C115F140E138}.Debug|Any CPU.Build.0 = Debug|Any CPU
		{707FCF11-78A6-48E1-947C-C115F140E138}.Release|Any CPU.ActiveCfg = Release|Any CPU
		{707FCF11-78A6-48E1-947C-C115F140E138}.Release|Any CPU.Build.0 = Release|Any CPU
		{828460D8-F4A5-46DE-9BA5-65C65E93CF4F}.Debug|Any CPU.ActiveCfg = Debug|Any CPU
		{828460D8-F4A5-46DE-9BA5-65C65E93CF4F}.Debug|Any CPU.Build.0 = Debug|Any CPU
		{828460D8-F4A5-46DE-9BA5-65C65E93CF4F}.Release|Any CPU.ActiveCfg = Release|Any CPU
		{828460D8-F4A5-46DE-9BA5-65C65E93CF4F}.Release|Any CPU.Build.0 = Release|Any CPU
		{A9CE3E19-EC80-4456-8AB1-3B5E6DF93C4B}.Debug|Any CPU.ActiveCfg = Debug|Any CPU
		{A9CE3E19-EC80-4456-8AB1-3B5E6DF93C4B}.Debug|Any CPU.Build.0 = Debug|Any CPU
		{A9CE3E19-EC80-4456-8AB1-3B5E6DF93C4B}.Release|Any CPU.ActiveCfg = Release|Any CPU
		{A9CE3E19-EC80-4456-8AB1-3B5E6DF93C4B}.Release|Any CPU.Build.0 = Release|Any CPU
		{9E432E13-AED5-4AA8-ABA9-D00FAE976098}.Debug|Any CPU.ActiveCfg = Debug|Any CPU
		{9E432E13-AED5-4AA8-ABA9-D00FAE976098}.Debug|Any CPU.Build.0 = Debug|Any CPU
		{9E432E13-AED5-4AA8-ABA9-D00FAE976098}.Release|Any CPU.ActiveCfg = Release|Any CPU
		{9E432E13-AED5-4AA8-ABA9-D00FAE976098}.Release|Any CPU.Build.0 = Release|Any CPU
		{43E04F2F-62E1-4507-8DAA-8DEF47851CB2}.Debug|Any CPU.ActiveCfg = Debug|Any CPU
		{43E04F2F-62E1-4507-8DAA-8DEF47851CB2}.Debug|Any CPU.Build.0 = Debug|Any CPU
		{43E04F2F-62E1-4507-8DAA-8DEF47851CB2}.Release|Any CPU.ActiveCfg = Release|Any CPU
		{43E04F2F-62E1-4507-8DAA-8DEF47851CB2}.Release|Any CPU.Build.0 = Release|Any CPU
		{AAA2ACD8-5F9C-421B-8110-6C5D9DE149F5}.Debug|Any CPU.ActiveCfg = Debug|Any CPU
		{AAA2ACD8-5F9C-421B-8110-6C5D9DE149F5}.Debug|Any CPU.Build.0 = Debug|Any CPU
		{AAA2ACD8-5F9C-421B-8110-6C5D9DE149F5}.Release|Any CPU.ActiveCfg = Release|Any CPU
		{AAA2ACD8-5F9C-421B-8110-6C5D9DE149F5}.Release|Any CPU.Build.0 = Release|Any CPU
	EndGlobalSection
	GlobalSection(SolutionProperties) = preSolution
		HideSolutionNode = FALSE
	EndGlobalSection
	GlobalSection(NestedProjects) = preSolution
		{0302CD07-5548-4EB9-A2FA-B594C0F2DD99} = {DB48F39C-60DC-4AC0-9B2C-797D21846A62}
		{967F08DE-784C-48CF-A592-DA83EBF0FE04} = {DB48F39C-60DC-4AC0-9B2C-797D21846A62}
		{6C0F5655-5C2C-414B-A9B0-6B0BBA5798B4} = {DB48F39C-60DC-4AC0-9B2C-797D21846A62}
		{542DDFFB-7F32-4D61-8DA7-FEF80ED24DAD} = {69B99AB3-9BF7-4187-8D07-816B43F02B3B}
		{9B53480B-712C-4553-BD5D-5A63DF442D10} = {69B99AB3-9BF7-4187-8D07-816B43F02B3B}
		{F54271C5-A7E7-4502-905A-19610DD6AAA9} = {69B99AB3-9BF7-4187-8D07-816B43F02B3B}
		{DDFF7C36-BB46-4326-AF8C-C968ABBCD89D} = {44B7B1EE-7CEC-477D-8687-13AA29D04D3C}
		{4F4A1826-C77A-4E23-98F4-23A61FE5F1E7} = {44B7B1EE-7CEC-477D-8687-13AA29D04D3C}
		{C050AAF8-843F-469D-BC7B-EFC41FFD4DD4} = {44B7B1EE-7CEC-477D-8687-13AA29D04D3C}
		{3600D43C-1B84-463A-B0CA-20345D51CA2A} = {E3C981AD-5F3A-4FC5-8849-17C26D3AB989}
		{0E0927A3-061A-42BC-869B-47F83ED00422} = {E3C981AD-5F3A-4FC5-8849-17C26D3AB989}
		{4D606073-20CE-4C5A-8010-254E9F0B6B1C} = {E3C981AD-5F3A-4FC5-8849-17C26D3AB989}
		{AC42B2C6-C932-47E7-A7E5-BEEF8B10B22C} = {FE6C10EA-E50C-4207-8AE3-C0109C087B82}
		{BFE32861-D2B4-4723-BBE1-FFCDB97B68F2} = {FE6C10EA-E50C-4207-8AE3-C0109C087B82}
		{1E5F480B-4389-48F7-A722-0461A780FB75} = {FE6C10EA-E50C-4207-8AE3-C0109C087B82}
		{6E290BB5-50A0-4C6A-B34C-247BB40DE003} = {3805374D-D7C4-4FC2-8D3E-EC8E117EC5F8}
		{DBC866F3-8F9E-4B5D-9BC5-B82077EEEA35} = {3805374D-D7C4-4FC2-8D3E-EC8E117EC5F8}
		{0136F8CA-2543-44BF-B28B-835FB5886AC1} = {3805374D-D7C4-4FC2-8D3E-EC8E117EC5F8}
		{707FCF11-78A6-48E1-947C-C115F140E138} = {2A6BF34D-8A91-42C9-89B6-272B41073198}
		{828460D8-F4A5-46DE-9BA5-65C65E93CF4F} = {2A6BF34D-8A91-42C9-89B6-272B41073198}
		{A9CE3E19-EC80-4456-8AB1-3B5E6DF93C4B} = {2A6BF34D-8A91-42C9-89B6-272B41073198}
		{9E432E13-AED5-4AA8-ABA9-D00FAE976098} = {0BE00A16-566B-41E3-B7CE-FD87AB8169A6}
		{43E04F2F-62E1-4507-8DAA-8DEF47851CB2} = {0BE00A16-566B-41E3-B7CE-FD87AB8169A6}
		{AAA2ACD8-5F9C-421B-8110-6C5D9DE149F5} = {0BE00A16-566B-41E3-B7CE-FD87AB8169A6}
	EndGlobalSection
	GlobalSection(ExtensibilityGlobals) = postSolution
		SolutionGuid = {B55CB27B-99A6-4357-A604-6358CA50F25B}
	EndGlobalSection
EndGlobal
